// !$*UTF8*$!
{
	archiveVersion = 1;
	classes = {
	};
	objectVersion = 46;
	objects = {

/* Begin PBXBuildFile section */
		0EA946421B14C19400DD03F5 /* main.m in Sources */ = {isa = PBXBuildFile; fileRef = 0EA946411B14C19400DD03F5 /* main.m */; };
		0EA946451B14C19400DD03F5 /* AppDelegate.m in Sources */ = {isa = PBXBuildFile; fileRef = 0EA946441B14C19400DD03F5 /* AppDelegate.m */; };
		0EA946481B14C19400DD03F5 /* ViewController.m in Sources */ = {isa = PBXBuildFile; fileRef = 0EA946471B14C19400DD03F5 /* ViewController.m */; };
		0EA9464B1B14C19400DD03F5 /* Main.storyboard in Resources */ = {isa = PBXBuildFile; fileRef = 0EA946491B14C19400DD03F5 /* Main.storyboard */; };
		0EA9464D1B14C19400DD03F5 /* Images.xcassets in Resources */ = {isa = PBXBuildFile; fileRef = 0EA9464C1B14C19400DD03F5 /* Images.xcassets */; };
		0EA946501B14C19400DD03F5 /* LaunchScreen.xib in Resources */ = {isa = PBXBuildFile; fileRef = 0EA9464E1B14C19400DD03F5 /* LaunchScreen.xib */; };
		0EA9465C1B14C19400DD03F5 /* ObjectionDemoTests.m in Sources */ = {isa = PBXBuildFile; fileRef = 0EA9465B1B14C19400DD03F5 /* ObjectionDemoTests.m */; };
		98795EC4F99F8744B8DF8B6D /* libPods.a in Frameworks */ = {isa = PBXBuildFile; fileRef = C59D34BD4739274251E35161 /* libPods.a */; };
/* End PBXBuildFile section */

/* Begin PBXContainerItemProxy section */
		0EA946561B14C19400DD03F5 /* PBXContainerItemProxy */ = {
			isa = PBXContainerItemProxy;
			containerPortal = 0EA946341B14C19400DD03F5 /* Project object */;
			proxyType = 1;
			remoteGlobalIDString = 0EA9463B1B14C19400DD03F5;
			remoteInfo = ObjectionDemo;
		};
/* End PBXContainerItemProxy section */

/* Begin PBXFileReference section */
		0EA9463C1B14C19400DD03F5 /* ObjectionDemo.app */ = {isa = PBXFileReference; explicitFileType = wrapper.application; includeInIndex = 0; path = ObjectionDemo.app; sourceTree = BUILT_PRODUCTS_DIR; };
		0EA946401B14C19400DD03F5 /* Info.plist */ = {isa = PBXFileReference; lastKnownFileType = text.plist.xml; path = Info.plist; sourceTree = "<group>"; };
		0EA946411B14C19400DD03F5 /* main.m */ = {isa = PBXFileReference; lastKnownFileType = sourcecode.c.objc; path = main.m; sourceTree = "<group>"; };
		0EA946431B14C19400DD03F5 /* AppDelegate.h */ = {isa = PBXFileReference; lastKnownFileType = sourcecode.c.h; path = AppDelegate.h; sourceTree = "<group>"; };
		0EA946441B14C19400DD03F5 /* AppDelegate.m */ = {isa = PBXFileReference; lastKnownFileType = sourcecode.c.objc; path = AppDelegate.m; sourceTree = "<group>"; };
		0EA946461B14C19400DD03F5 /* ViewController.h */ = {isa = PBXFileReference; lastKnownFileType = sourcecode.c.h; path = ViewController.h; sourceTree = "<group>"; };
		0EA946471B14C19400DD03F5 /* ViewController.m */ = {isa = PBXFileReference; lastKnownFileType = sourcecode.c.objc; path = ViewController.m; sourceTree = "<group>"; };
		0EA9464A1B14C19400DD03F5 /* Base */ = {isa = PBXFileReference; lastKnownFileType = file.storyboard; name = Base; path = Base.lproj/Main.storyboard; sourceTree = "<group>"; };
		0EA9464C1B14C19400DD03F5 /* Images.xcassets */ = {isa = PBXFileReference; lastKnownFileType = folder.assetcatalog; path = Images.xcassets; sourceTree = "<group>"; };
		0EA9464F1B14C19400DD03F5 /* Base */ = {isa = PBXFileReference; lastKnownFileType = file.xib; name = Base; path = Base.lproj/LaunchScreen.xib; sourceTree = "<group>"; };
		0EA946551B14C19400DD03F5 /* ObjectionDemoTests.xctest */ = {isa = PBXFileReference; explicitFileType = wrapper.cfbundle; includeInIndex = 0; path = ObjectionDemoTests.xctest; sourceTree = BUILT_PRODUCTS_DIR; };
		0EA9465A1B14C19400DD03F5 /* Info.plist */ = {isa = PBXFileReference; lastKnownFileType = text.plist.xml; path = Info.plist; sourceTree = "<group>"; };
		0EA9465B1B14C19400DD03F5 /* ObjectionDemoTests.m */ = {isa = PBXFileReference; lastKnownFileType = sourcecode.c.objc; path = ObjectionDemoTests.m; sourceTree = "<group>"; };
		0EA946651B14C32400DD03F5 /* PrefixHeader.pch */ = {isa = PBXFileReference; lastKnownFileType = sourcecode.c.h; path = PrefixHeader.pch; sourceTree = "<group>"; };
		290F9667A8767E3F8B5D8BB8 /* Pods.release.xcconfig */ = {isa = PBXFileReference; includeInIndex = 1; lastKnownFileType = text.xcconfig; name = Pods.release.xcconfig; path = "Pods/Target Support Files/Pods/Pods.release.xcconfig"; sourceTree = "<group>"; };
		8060A3E8EFD58BE562365073 /* Pods.debug.xcconfig */ = {isa = PBXFileReference; includeInIndex = 1; lastKnownFileType = text.xcconfig; name = Pods.debug.xcconfig; path = "Pods/Target Support Files/Pods/Pods.debug.xcconfig"; sourceTree = "<group>"; };
		C59D34BD4739274251E35161 /* libPods.a */ = {isa = PBXFileReference; explicitFileType = archive.ar; includeInIndex = 0; path = libPods.a; sourceTree = BUILT_PRODUCTS_DIR; };
/* End PBXFileReference section */

/* Begin PBXFrameworksBuildPhase section */
		0EA946391B14C19400DD03F5 /* Frameworks */ = {
			isa = PBXFrameworksBuildPhase;
			buildActionMask = 2147483647;
			files = (
				98795EC4F99F8744B8DF8B6D /* libPods.a in Frameworks */,
			);
			runOnlyForDeploymentPostprocessing = 0;
		};
		0EA946521B14C19400DD03F5 /* Frameworks */ = {
			isa = PBXFrameworksBuildPhase;
			buildActionMask = 2147483647;
			files = (
			);
			runOnlyForDeploymentPostprocessing = 0;
		};
/* End PBXFrameworksBuildPhase section */

/* Begin PBXGroup section */
		0EA946331B14C19400DD03F5 = {
			isa = PBXGroup;
			children = (
				0EA9463E1B14C19400DD03F5 /* ObjectionDemo */,
				0EA946581B14C19400DD03F5 /* ObjectionDemoTests */,
				0EA9463D1B14C19400DD03F5 /* Products */,
				C59D4C16D797DDE2298D16BE /* Pods */,
				50E982F7520846C1DCB74701 /* Frameworks */,
			);
			sourceTree = "<group>";
		};
		0EA9463D1B14C19400DD03F5 /* Products */ = {
			isa = PBXGroup;
			children = (
				0EA9463C1B14C19400DD03F5 /* ObjectionDemo.app */,
				0EA946551B14C19400DD03F5 /* ObjectionDemoTests.xctest */,
			);
			name = Products;
			sourceTree = "<group>";
		};
		0EA9463E1B14C19400DD03F5 /* ObjectionDemo */ = {
			isa = PBXGroup;
			children = (
				0EA946431B14C19400DD03F5 /* AppDelegate.h */,
				0EA946441B14C19400DD03F5 /* AppDelegate.m */,
				0EA946461B14C19400DD03F5 /* ViewController.h */,
				0EA946471B14C19400DD03F5 /* ViewController.m */,
				0EA946491B14C19400DD03F5 /* Main.storyboard */,
				0EA9464C1B14C19400DD03F5 /* Images.xcassets */,
				0EA9464E1B14C19400DD03F5 /* LaunchScreen.xib */,
				0EA9463F1B14C19400DD03F5 /* Supporting Files */,
			);
			path = ObjectionDemo;
			sourceTree = "<group>";
		};
		0EA9463F1B14C19400DD03F5 /* Supporting Files */ = {
			isa = PBXGroup;
			children = (
				0EA946401B14C19400DD03F5 /* Info.plist */,
				0EA946411B14C19400DD03F5 /* main.m */,
				0EA946651B14C32400DD03F5 /* PrefixHeader.pch */,
			);
			name = "Supporting Files";
			sourceTree = "<group>";
		};
		0EA946581B14C19400DD03F5 /* ObjectionDemoTests */ = {
			isa = PBXGroup;
			children = (
				0EA9465B1B14C19400DD03F5 /* ObjectionDemoTests.m */,
				0EA946591B14C19400DD03F5 /* Supporting Files */,
			);
			path = ObjectionDemoTests;
			sourceTree = "<group>";
		};
		0EA946591B14C19400DD03F5 /* Supporting Files */ = {
			isa = PBXGroup;
			children = (
				0EA9465A1B14C19400DD03F5 /* Info.plist */,
			);
			name = "Supporting Files";
			sourceTree = "<group>";
		};
		50E982F7520846C1DCB74701 /* Frameworks */ = {
			isa = PBXGroup;
			children = (
				C59D34BD4739274251E35161 /* libPods.a */,
			);
			name = Frameworks;
			sourceTree = "<group>";
		};
		C59D4C16D797DDE2298D16BE /* Pods */ = {
			isa = PBXGroup;
			children = (
				8060A3E8EFD58BE562365073 /* Pods.debug.xcconfig */,
				290F9667A8767E3F8B5D8BB8 /* Pods.release.xcconfig */,
			);
			name = Pods;
			sourceTree = "<group>";
		};
/* End PBXGroup section */

/* Begin PBXNativeTarget section */
		0EA9463B1B14C19400DD03F5 /* ObjectionDemo */ = {
			isa = PBXNativeTarget;
			buildConfigurationList = 0EA9465F1B14C19400DD03F5 /* Build configuration list for PBXNativeTarget "ObjectionDemo" */;
			buildPhases = (
				B0BD765B38461ACEAD7B1272 /* Check Pods Manifest.lock */,
				0EA946381B14C19400DD03F5 /* Sources */,
				0EA946391B14C19400DD03F5 /* Frameworks */,
				0EA9463A1B14C19400DD03F5 /* Resources */,
				20AE15693ADC4C68A00446B9 /* Copy Pods Resources */,
			);
			buildRules = (
			);
			dependencies = (
			);
			name = ObjectionDemo;
			productName = ObjectionDemo;
			productReference = 0EA9463C1B14C19400DD03F5 /* ObjectionDemo.app */;
			productType = "com.apple.product-type.application";
		};
		0EA946541B14C19400DD03F5 /* ObjectionDemoTests */ = {
			isa = PBXNativeTarget;
			buildConfigurationList = 0EA946621B14C19400DD03F5 /* Build configuration list for PBXNativeTarget "ObjectionDemoTests" */;
			buildPhases = (
				0EA946511B14C19400DD03F5 /* Sources */,
				0EA946521B14C19400DD03F5 /* Frameworks */,
				0EA946531B14C19400DD03F5 /* Resources */,
			);
			buildRules = (
			);
			dependencies = (
				0EA946571B14C19400DD03F5 /* PBXTargetDependency */,
			);
			name = ObjectionDemoTests;
			productName = ObjectionDemoTests;
			productReference = 0EA946551B14C19400DD03F5 /* ObjectionDemoTests.xctest */;
			productType = "com.apple.product-type.bundle.unit-test";
		};
/* End PBXNativeTarget section */

/* Begin PBXProject section */
		0EA946341B14C19400DD03F5 /* Project object */ = {
			isa = PBXProject;
			attributes = {
				LastUpgradeCheck = 0630;
				ORGANIZATIONNAME = lijunjie;
				TargetAttributes = {
					0EA9463B1B14C19400DD03F5 = {
						CreatedOnToolsVersion = 6.3.2;
					};
					0EA946541B14C19400DD03F5 = {
						CreatedOnToolsVersion = 6.3.2;
						TestTargetID = 0EA9463B1B14C19400DD03F5;
					};
				};
			};
			buildConfigurationList = 0EA946371B14C19400DD03F5 /* Build configuration list for PBXProject "ObjectionDemo" */;
			compatibilityVersion = "Xcode 3.2";
			developmentRegion = English;
			hasScannedForEncodings = 0;
			knownRegions = (
				en,
				Base,
			);
			mainGroup = 0EA946331B14C19400DD03F5;
			productRefGroup = 0EA9463D1B14C19400DD03F5 /* Products */;
			projectDirPath = "";
			projectRoot = "";
			targets = (
				0EA9463B1B14C19400DD03F5 /* ObjectionDemo */,
				0EA946541B14C19400DD03F5 /* ObjectionDemoTests */,
			);
		};
/* End PBXProject section */

/* Begin PBXResourcesBuildPhase section */
		0EA9463A1B14C19400DD03F5 /* Resources */ = {
			isa = PBXResourcesBuildPhase;
			buildActionMask = 2147483647;
			files = (
				0EA9464B1B14C19400DD03F5 /* Main.storyboard in Resources */,
				0EA946501B14C19400DD03F5 /* LaunchScreen.xib in Resources */,
				0EA9464D1B14C19400DD03F5 /* Images.xcassets in Resources */,
			);
			runOnlyForDeploymentPostprocessing = 0;
		};
		0EA946531B14C19400DD03F5 /* Resources */ = {
			isa = PBXResourcesBuildPhase;
			buildActionMask = 2147483647;
			files = (
			);
			runOnlyForDeploymentPostprocessing = 0;
		};
/* End PBXResourcesBuildPhase section */

/* Begin PBXShellScriptBuildPhase section */
		20AE15693ADC4C68A00446B9 /* Copy Pods Resources */ = {
			isa = PBXShellScriptBuildPhase;
			buildActionMask = 2147483647;
			files = (
			);
			inputPaths = (
			);
			name = "Copy Pods Resources";
			outputPaths = (
			);
			runOnlyForDeploymentPostprocessing = 0;
			shellPath = /bin/sh;
			shellScript = "\"${SRCROOT}/Pods/Target Support Files/Pods/Pods-resources.sh\"\n";
			showEnvVarsInLog = 0;
		};
		B0BD765B38461ACEAD7B1272 /* Check Pods Manifest.lock */ = {
			isa = PBXShellScriptBuildPhase;
			buildActionMask = 2147483647;
			files = (
			);
			inputPaths = (
			);
			name = "Check Pods Manifest.lock";
			outputPaths = (
			);
			runOnlyForDeploymentPostprocessing = 0;
			shellPath = /bin/sh;
			shellScript = "diff \"${PODS_ROOT}/../Podfile.lock\" \"${PODS_ROOT}/Manifest.lock\" > /dev/null\nif [[ $? != 0 ]] ; then\n    cat << EOM\nerror: The sandbox is not in sync with the Podfile.lock. Run 'pod install' or update your CocoaPods installation.\nEOM\n    exit 1\nfi\n";
			showEnvVarsInLog = 0;
		};
/* End PBXShellScriptBuildPhase section */

/* Begin PBXSourcesBuildPhase section */
		0EA946381B14C19400DD03F5 /* Sources */ = {
			isa = PBXSourcesBuildPhase;
			buildActionMask = 2147483647;
			files = (
				0EA946481B14C19400DD03F5 /* ViewController.m in Sources */,
				0EA946451B14C19400DD03F5 /* AppDelegate.m in Sources */,
				0EA946421B14C19400DD03F5 /* main.m in Sources */,
			);
			runOnlyForDeploymentPostprocessing = 0;
		};
		0EA946511B14C19400DD03F5 /* Sources */ = {
			isa = PBXSourcesBuildPhase;
			buildActionMask = 2147483647;
			files = (
				0EA9465C1B14C19400DD03F5 /* ObjectionDemoTests.m in Sources */,
			);
			runOnlyForDeploymentPostprocessing = 0;
		};
/* End PBXSourcesBuildPhase section */

/* Begin PBXTargetDependency section */
		0EA946571B14C19400DD03F5 /* PBXTargetDependency */ = {
			isa = PBXTargetDependency;
			target = 0EA9463B1B14C19400DD03F5 /* ObjectionDemo */;
			targetProxy = 0EA946561B14C19400DD03F5 /* PBXContainerItemProxy */;
		};
/* End PBXTargetDependency section */

/* Begin PBXVariantGroup section */
		0EA946491B14C19400DD03F5 /* Main.storyboard */ = {
			isa = PBXVariantGroup;
			children = (
				0EA9464A1B14C19400DD03F5 /* Base */,
			);
			name = Main.storyboard;
			sourceTree = "<group>";
		};
		0EA9464E1B14C19400DD03F5 /* LaunchScreen.xib */ = {
			isa = PBXVariantGroup;
			children = (
				0EA9464F1B14C19400DD03F5 /* Base */,
			);
			name = LaunchScreen.xib;
			sourceTree = "<group>";
		};
/* End PBXVariantGroup section */

/* Begin XCBuildConfiguration section */
		0EA9465D1B14C19400DD03F5 /* Debug */ = {
			isa = XCBuildConfiguration;
			buildSettings = {
				ALWAYS_SEARCH_USER_PATHS = NO;
				CLANG_CXX_LANGUAGE_STANDARD = "gnu++0x";
				CLANG_CXX_LIBRARY = "libc++";
				CLANG_ENABLE_MODULES = YES;
				CLANG_ENABLE_OBJC_ARC = YES;
				CLANG_WARN_BOOL_CONVERSION = YES;
				CLANG_WARN_CONSTANT_CONVERSION = YES;
				CLANG_WARN_DIRECT_OBJC_ISA_USAGE = YES_ERROR;
				CLANG_WARN_EMPTY_BODY = YES;
				CLANG_WARN_ENUM_CONVERSION = YES;
				CLANG_WARN_INT_CONVERSION = YES;
				CLANG_WARN_OBJC_ROOT_CLASS = YES_ERROR;
				CLANG_WARN_UNREACHABLE_CODE = YES;
				CLANG_WARN__DUPLICATE_METHOD_MATCH = YES;
				"CODE_SIGN_IDENTITY[sdk=iphoneos*]" = "iPhone Developer";
				COPY_PHASE_STRIP = NO;
				DEBUG_INFORMATION_FORMAT = "dwarf-with-dsym";
				ENABLE_STRICT_OBJC_MSGSEND = YES;
				GCC_C_LANGUAGE_STANDARD = gnu99;
				GCC_DYNAMIC_NO_PIC = NO;
				GCC_NO_COMMON_BLOCKS = YES;
				GCC_OPTIMIZATION_LEVEL = 0;
				GCC_PREPROCESSOR_DEFINITIONS = (
					"DEBUG=1",
					"$(inherited)",
				);
				GCC_SYMBOLS_PRIVATE_EXTERN = NO;
				GCC_WARN_64_TO_32_BIT_CONVERSION = YES;
				GCC_WARN_ABOUT_RETURN_TYPE = YES_ERROR;
				GCC_WARN_UNDECLARED_SELECTOR = YES;
				GCC_WARN_UNINITIALIZED_AUTOS = YES_AGGRESSIVE;
				GCC_WARN_UNUSED_FUNCTION = YES;
				GCC_WARN_UNUSED_VARIABLE = YES;
				IPHONEOS_DEPLOYMENT_TARGET = 8.3;
				MTL_ENABLE_DEBUG_INFO = YES;
				ONLY_ACTIVE_ARCH = YES;
				SDKROOT = iphoneos;
			};
			name = Debug;
		};
		0EA9465E1B14C19400DD03F5 /* Release */ = {
			isa = XCBuildConfiguration;
			buildSettings = {
				ALWAYS_SEARCH_USER_PATHS = NO;
				CLANG_CXX_LANGUAGE_STANDARD = "gnu++0x";
				CLANG_CXX_LIBRARY = "libc++";
				CLANG_ENABLE_MODULES = YES;
				CLANG_ENABLE_OBJC_ARC = YES;
				CLANG_WARN_BOOL_CONVERSION = YES;
				CLANG_WARN_CONSTANT_CONVERSION = YES;
				CLANG_WARN_DIRECT_OBJC_ISA_USAGE = YES_ERROR;
				CLANG_WARN_EMPTY_BODY = YES;
				CLANG_WARN_ENUM_CONVERSION = YES;
				CLANG_WARN_INT_CONVERSION = YES;
				CLANG_WARN_OBJC_ROOT_CLASS = YES_ERROR;
				CLANG_WARN_UNREACHABLE_CODE = YES;
				CLANG_WARN__DUPLICATE_METHOD_MATCH = YES;
				"CODE_SIGN_IDENTITY[sdk=iphoneos*]" = "iPhone Developer";
				COPY_PHASE_STRIP = NO;
				DEBUG_INFORMATION_FORMAT = "dwarf-with-dsym";
				ENABLE_NS_ASSERTIONS = NO;
				ENABLE_STRICT_OBJC_MSGSEND = YES;
				GCC_C_LANGUAGE_STANDARD = gnu99;
				GCC_NO_COMMON_BLOCKS = YES;
				GCC_WARN_64_TO_32_BIT_CONVERSION = YES;
				GCC_WARN_ABOUT_RETURN_TYPE = YES_ERROR;
				GCC_WARN_UNDECLARED_SELECTOR = YES;
				GCC_WARN_UNINITIALIZED_AUTOS = YES_AGGRESSIVE;
				GCC_WARN_UNUSED_FUNCTION = YES;
				GCC_WARN_UNUSED_VARIABLE = YES;
				IPHONEOS_DEPLOYMENT_TARGET = 8.3;
				MTL_ENABLE_DEBUG_INFO = NO;
				SDKROOT = iphoneos;
				VALIDATE_PRODUCT = YES;
			};
			name = Release;
		};
		0EA946601B14C19400DD03F5 /* Debug */ = {
			isa = XCBuildConfiguration;
			baseConfigurationReference = 8060A3E8EFD58BE562365073 /* Pods.debug.xcconfig */;
			buildSettings = {
				ASSETCATALOG_COMPILER_APPICON_NAME = AppIcon;
				GCC_PREFIX_HEADER = ObjectionDemo/PrefixHeader.pch;
				INFOPLIST_FILE = ObjectionDemo/Info.plist;
				LD_RUNPATH_SEARCH_PATHS = "$(inherited) @executable_path/Frameworks";
				PRODUCT_NAME = "$(TARGET_NAME)";
			};
			name = Debug;
		};
		0EA946611B14C19400DD03F5 /* Release */ = {
			isa = XCBuildConfiguration;
			baseConfigurationReference = 290F9667A8767E3F8B5D8BB8 /* Pods.release.xcconfig */;
			buildSettings = {
				ASSETCATALOG_COMPILER_APPICON_NAME = AppIcon;
				GCC_PREFIX_HEADER = ObjectionDemo/PrefixHeader.pch;
				INFOPLIST_FILE = ObjectionDemo/Info.plist;
				LD_RUNPATH_SEARCH_PATHS = "$(inherited) @executable_path/Frameworks";
				PRODUCT_NAME = "$(TARGET_NAME)";
			};
			name = Release;
		};
		0EA946631B14C19400DD03F5 /* Debug */ = {
			isa = XCBuildConfiguration;
			buildSettings = {
				BUNDLE_LOADER = "$(TEST_HOST)";
				FRAMEWORK_SEARCH_PATHS = (
					"$(SDKROOT)/Developer/Library/Frameworks",
					"$(inherited)",
				);
				GCC_PREPROCESSOR_DEFINITIONS = (
					"DEBUG=1",
					"$(inherited)",
				);
				INFOPLIST_FILE = ObjectionDemoTests/Info.plist;
				LD_RUNPATH_SEARCH_PATHS = "$(inherited) @executable_path/Frameworks @loader_path/Frameworks";
				PRODUCT_NAME = "$(TARGET_NAME)";
				TEST_HOST = "$(BUILT_PRODUCTS_DIR)/ObjectionDemo.app/ObjectionDemo";
			};
			name = Debug;
		};
		0EA946641B14C19400DD03F5 /* Release */ = {
			isa = XCBuildConfiguration;
			buildSettings = {
				BUNDLE_LOADER = "$(TEST_HOST)";
				FRAMEWORK_SEARCH_PATHS = (
					"$(SDKROOT)/Developer/Library/Frameworks",
					"$(inherited)",
				);
				INFOPLIST_FILE = ObjectionDemoTests/Info.plist;
				LD_RUNPATH_SEARCH_PATHS = "$(inherited) @executable_path/Frameworks @loader_path/Frameworks";
				PRODUCT_NAME = "$(TARGET_NAME)";
				TEST_HOST = "$(BUILT_PRODUCTS_DIR)/ObjectionDemo.app/ObjectionDemo";
			};
			name = Release;
		};
/* End XCBuildConfiguration section */

/* Begin XCConfigurationList section */
		0EA946371B14C19400DD03F5 /* Build configuration list for PBXProject "ObjectionDemo" */ = {
			isa = XCConfigurationList;
			buildConfigurations = (
				0EA9465D1B14C19400DD03F5 /* Debug */,
				0EA9465E1B14C19400DD03F5 /* Release */,
			);
			defaultConfigurationIsVisible = 0;
			defaultConfigurationName = Release;
		};
		0EA9465F1B14C19400DD03F5 /* Build configuration list for PBXNativeTarget "ObjectionDemo" */ = {
			isa = XCConfigurationList;
			buildConfigurations = (
				0EA946601B14C19400DD03F5 /* Debug */,
				0EA946611B14C19400DD03F5 /* Release */,
			);
			defaultConfigurationIsVisible = 0;
			defaultConfigurationName = Release;
		};
		0EA946621B14C19400DD03F5 /* Build configuration list for PBXNativeTarget "ObjectionDemoTests" */ = {
			isa = XCConfigurationList;
			buildConfigurations = (
				0EA946631B14C19400DD03F5 /* Debug */,
				0EA946641B14C19400DD03F5 /* Release */,
			);
			defaultConfigurationIsVisible = 0;
			defaultConfigurationName = Release;
		};
/* End XCConfigurationList section */
	};
	rootObject = 0EA946341B14C19400DD03F5 /* Project object */;
}
